
Microsoft Visual Studio Solution File, Format Version 12.00
# Visual Studio Version 17
VisualStudioVersion = 17.8.34322.80
MinimumVisualStudioVersion = 10.0.40219.1
Project("{FAE04EC0-301F-11D3-BF4B-00C04F79EFBC}") = "CustomerManagingApp", "CustomerManagingApp\CustomerManagingApp.csproj", "{9ED94215-9B5C-402A-AA9D-FFFFC8C5E271}"
EndProject
Global
	GlobalSection(SolutionConfigurationPlatforms) = preSolution
		Debug|Any CPU = Debug|Any CPU
		Release|Any CPU = Release|Any CPU
	EndGlobalSection
	GlobalSection(ProjectConfigurationPlatforms) = postSolution
		{9ED94215-9B5C-402A-AA9D-FFFFC8C5E271}.Debug|Any CPU.ActiveCfg = Debug|Any CPU
		{9ED94215-9B5C-402A-AA9D-FFFFC8C5E271}.Debug|Any CPU.Build.0 = Debug|Any CPU
		{9ED94215-9B5C-402A-AA9D-FFFFC8C5E271}.Release|Any CPU.ActiveCfg = Release|Any CPU
		{9ED94215-9B5C-402A-AA9D-FFFFC8C5E271}.Release|Any CPU.Build.0 = Release|Any CPU
	EndGlobalSection
	GlobalSection(SolutionProperties) = preSolution
		HideSolutionNode = FALSE
	EndGlobalSection
	GlobalSection(ExtensibilityGlobals) = postSolution
		SolutionGuid = {5FC56BF6-37D9-4F56-8073-25D57ED30DEF}
	EndGlobalSection
EndGlobal
